
Microsoft Visual Studio Solution File, Format Version 12.00
# Visual Studio Version 16
VisualStudioVersion = 16.0.31112.23
MinimumVisualStudioVersion = 10.0.40219.1
Project("{8BC9CEB8-8B4A-11D0-8D11-00A0C91BC942}") = "gg2img", "src\gg2img.vcxproj", "{1E542F48-3730-433A-B043-F121B8314FC1}"
EndProject
Project("{8BC9CEB8-8B4A-11D0-8D11-00A0C91BC942}") = "diskimg", "libs\diskimg\diskimg.vcxproj", "{0CFE6FAD-0126-4E99-8625-C807D1D2AAF4}"
EndProject
Project("{8BC9CEB8-8B4A-11D0-8D11-00A0C91BC942}") = "nufxlib", "libs\nufxlib\nufxlib.vcxproj", "{C48AE53B-3DCB-43B1-9207-B7C5B6BB78AF}"
EndProject
Project("{8BC9CEB8-8B4A-11D0-8D11-00A0C91BC942}") = "zlib", "libs\zlib\zlib.vcxproj", "{B66109F4-217B-43C0-86AA-EB55657E5AC0}"
EndProject
Project("{8BC9CEB8-8B4A-11D0-8D11-00A0C91BC942}") = "libhfs", "libs\diskimg\libhfs\libhfs.vcxproj", "{0FA742E9-8C07-43DD-AFF8-CE31FAF70821}"
EndProject
Project("{2150E333-8FDC-42A3-9474-1A3956D46DE8}") = "libs", "libs", "{9AB1C821-A69A-4F61-85D7-E4A0EC936139}"
EndProject
Global
	GlobalSection(SolutionConfigurationPlatforms) = preSolution
		Debug|x64 = Debug|x64
		Debug|x86 = Debug|x86
		Release|x64 = Release|x64
		Release|x86 = Release|x86
	EndGlobalSection
	GlobalSection(ProjectConfigurationPlatforms) = postSolution
		{1E542F48-3730-433A-B043-F121B8314FC1}.Debug|x64.ActiveCfg = Debug|x64
		{1E542F48-3730-433A-B043-F121B8314FC1}.Debug|x64.Build.0 = Debug|x64
		{1E542F48-3730-433A-B043-F121B8314FC1}.Debug|x86.ActiveCfg = Debug|Win32
		{1E542F48-3730-433A-B043-F121B8314FC1}.Debug|x86.Build.0 = Debug|Win32
		{1E542F48-3730-433A-B043-F121B8314FC1}.Release|x64.ActiveCfg = Release|x64
		{1E542F48-3730-433A-B043-F121B8314FC1}.Release|x64.Build.0 = Release|x64
		{1E542F48-3730-433A-B043-F121B8314FC1}.Release|x86.ActiveCfg = Release|Win32
		{1E542F48-3730-433A-B043-F121B8314FC1}.Release|x86.Build.0 = Release|Win32
		{0CFE6FAD-0126-4E99-8625-C807D1D2AAF4}.Debug|x64.ActiveCfg = Debug|Win32
		{0CFE6FAD-0126-4E99-8625-C807D1D2AAF4}.Debug|x86.ActiveCfg = Debug|Win32
		{0CFE6FAD-0126-4E99-8625-C807D1D2AAF4}.Debug|x86.Build.0 = Debug|Win32
		{0CFE6FAD-0126-4E99-8625-C807D1D2AAF4}.Release|x64.ActiveCfg = Release|Win32
		{0CFE6FAD-0126-4E99-8625-C807D1D2AAF4}.Release|x86.ActiveCfg = Release|Win32
		{0CFE6FAD-0126-4E99-8625-C807D1D2AAF4}.Release|x86.Build.0 = Release|Win32
		{C48AE53B-3DCB-43B1-9207-B7C5B6BB78AF}.Debug|x64.ActiveCfg = Debug|Win32
		{C48AE53B-3DCB-43B1-9207-B7C5B6BB78AF}.Debug|x86.ActiveCfg = Debug|Win32
		{C48AE53B-3DCB-43B1-9207-B7C5B6BB78AF}.Debug|x86.Build.0 = Debug|Win32
		{C48AE53B-3DCB-43B1-9207-B7C5B6BB78AF}.Release|x64.ActiveCfg = Release|Win32
		{C48AE53B-3DCB-43B1-9207-B7C5B6BB78AF}.Release|x86.ActiveCfg = Release|Win32
		{C48AE53B-3DCB-43B1-9207-B7C5B6BB78AF}.Release|x86.Build.0 = Release|Win32
		{B66109F4-217B-43C0-86AA-EB55657E5AC0}.Debug|x64.ActiveCfg = Debug|Win32
		{B66109F4-217B-43C0-86AA-EB55657E5AC0}.Debug|x86.ActiveCfg = Debug|Win32
		{B66109F4-217B-43C0-86AA-EB55657E5AC0}.Debug|x86.Build.0 = Debug|Win32
		{B66109F4-217B-43C0-86AA-EB55657E5AC0}.Release|x64.ActiveCfg = Release|Win32
		{B66109F4-217B-43C0-86AA-EB55657E5AC0}.Release|x86.ActiveCfg = Release|Win32
		{B66109F4-217B-43C0-86AA-EB55657E5AC0}.Release|x86.Build.0 = Release|Win32
		{0FA742E9-8C07-43DD-AFF8-CE31FAF70821}.Debug|x64.ActiveCfg = Debug|Win32
		{0FA742E9-8C07-43DD-AFF8-CE31FAF70821}.Debug|x86.ActiveCfg = Debug|Win32
		{0FA742E9-8C07-43DD-AFF8-CE31FAF70821}.Debug|x86.Build.0 = Debug|Win32
		{0FA742E9-8C07-43DD-AFF8-CE31FAF70821}.Release|x64.ActiveCfg = Release|Win32
		{0FA742E9-8C07-43DD-AFF8-CE31FAF70821}.Release|x86.ActiveCfg = Release|Win32
		{0FA742E9-8C07-43DD-AFF8-CE31FAF70821}.Release|x86.Build.0 = Release|Win32
	EndGlobalSection
	GlobalSection(SolutionProperties) = preSolution
		HideSolutionNode = FALSE
	EndGlobalSection
	GlobalSection(NestedProjects) = preSolution
		{0CFE6FAD-0126-4E99-8625-C807D1D2AAF4} = {9AB1C821-A69A-4F61-85D7-E4A0EC936139}
		{C48AE53B-3DCB-43B1-9207-B7C5B6BB78AF} = {9AB1C821-A69A-4F61-85D7-E4A0EC936139}
		{B66109F4-217B-43C0-86AA-EB55657E5AC0} = {9AB1C821-A69A-4F61-85D7-E4A0EC936139}
		{0FA742E9-8C07-43DD-AFF8-CE31FAF70821} = {9AB1C821-A69A-4F61-85D7-E4A0EC936139}
	EndGlobalSection
	GlobalSection(ExtensibilityGlobals) = postSolution
		SolutionGuid = {4795618B-E025-4C80-9BCC-CFE2857B8279}
	EndGlobalSection
EndGlobal
